lockfileVersion: 5.4

specifiers:
  aptos-cli: git+https://github.com/BriungRi/aptos-cli.git

devDependencies:
  aptos-cli: github.com/BriungRi/aptos-cli/581a64246dba082c6f22d044ab43a96381722cb0

packages:

  github.com/BriungRi/aptos-cli/581a64246dba082c6f22d044ab43a96381722cb0:
    resolution: {tarball: https://codeload.github.com/BriungRi/aptos-cli/tar.gz/581a64246dba082c6f22d044ab43a96381722cb0}
    name: '@brian-aptos/aptos-cli'
    version: 2.0.2
    hasBin: true
    dev: true
